
Microsoft Visual Studio Solution File, Format Version 12.00
# Visual Studio Version 16
VisualStudioVersion = 16.0.30330.147
MinimumVisualStudioVersion = 10.0.40219.1
Project("{FAE04EC0-301F-11D3-BF4B-00C04F79EFBC}") = "RFClassicClicker", "RFClassicClicker\RFClassicClicker.csproj", "{658D64A5-6BBF-44D6-A35C-F344B6E7947F}"
EndProject
Global
	GlobalSection(SolutionConfigurationPlatforms) = preSolution
		Debug|Any CPU = Debug|Any CPU
		Release|Any CPU = Release|Any CPU
	EndGlobalSection
	GlobalSection(ProjectConfigurationPlatforms) = postSolution
		{658D64A5-6BBF-44D6-A35C-F344B6E7947F}.Debug|Any CPU.ActiveCfg = Debug|Any CPU
		{658D64A5-6BBF-44D6-A35C-F344B6E7947F}.Debug|Any CPU.Build.0 = Debug|Any CPU
		{658D64A5-6BBF-44D6-A35C-F344B6E7947F}.Release|Any CPU.ActiveCfg = Release|Any CPU
		{658D64A5-6BBF-44D6-A35C-F344B6E7947F}.Release|Any CPU.Build.0 = Release|Any CPU
	EndGlobalSection
	GlobalSection(SolutionProperties) = preSolution
		HideSolutionNode = FALSE
	EndGlobalSection
	GlobalSection(ExtensibilityGlobals) = postSolution
		SolutionGuid = {67D264B8-D52D-42FF-AC2D-2CED8CC0EDC6}
	EndGlobalSection
EndGlobal
